<?xml version="1.0" encoding="UTF-8"?>
<Scheme
   LastUpgradeVersion = "0930"
   version = "1.3">
   <BuildAction
      parallelizeBuildables = "YES"
      buildImplicitDependencies = "YES">
      <BuildActionEntries>
         <BuildActionEntry
            buildForTesting = "YES"
            buildForRunning = "YES"
            buildForProfiling = "YES"
            buildForArchiving = "YES"
            buildForAnalyzing = "YES">
            <BuildableReference
               BuildableIdentifier = "primary"
               BlueprintIdentifier = "F444F2EA207944E80097D3B3"
               BuildableName = "hotdbcheck"
               BlueprintName = "hotdbcheck"
               ReferencedContainer = "container:hotdbcheck.xcodeproj">
            </BuildableReference>
         </BuildActionEntry>
      </BuildActionEntries>
   </BuildAction>
   <TestAction
      buildConfiguration = "Debug"
      selectedDebuggerIdentifier = "Xcode.DebuggerFoundation.Debugger.LLDB"
      selectedLauncherIdentifier = "Xcode.DebuggerFoundation.Launcher.LLDB"
      shouldUseLaunchSchemeArgsEnv = "YES">
      <Testables>
      </Testables>
      <AdditionalOptions>
      </AdditionalOptions>
   </TestAction>
   <LaunchAction
      buildConfiguration = "Debug"
      selectedDebuggerIdentifier = "Xcode.DebuggerFoundation.Debugger.LLDB"
      selectedLauncherIdentifier = "Xcode.DebuggerFoundation.Launcher.LLDB"
      launchStyle = "0"
      useCustomWorkingDirectory = "NO"
      ignoresPersistentStateOnLaunch = "NO"
      debugDocumentVersioning = "YES"
      debugServiceExtension = "internal"
      allowLocationSimulation = "YES">
      <PathRunnable
         runnableDebuggingMode = "0"
         FilePath = "/Users/home/Documents/devel/hotdbcheck/hotdbcheck">
      </PathRunnable>
      <MacroExpansion>
         <BuildableReference
            BuildableIdentifier = "primary"
            BlueprintIdentifier = "F444F2EA207944E80097D3B3"
            BuildableName = "hotdbcheck"
            BlueprintName = "hotdbcheck"
            ReferencedContainer = "container:hotdbcheck.xcodeproj">
         </BuildableReference>
      </MacroExpansion>
      <CommandLineArguments>
         <CommandLineArgument
            argument = "--hotdb-user=jwy --hotdb-host=192.168.200.51 --hotdb-port=5553 --hotdb-password=jwy --hotdb-db=BENCHMARK_JWY --mysql-host=192.168.200.51 --mysql-port=3306 --mysql-password=hotdb_config --mysql-user=hotdb_config --mysql-db=hotdb_config_245  --table-name=new_order --tasks=3 --each-data=3"
            isEnabled = "YES">
         </CommandLineArgument>
      </CommandLineArguments>
      <AdditionalOptions>
      </AdditionalOptions>
   </LaunchAction>
   <ProfileAction
      buildConfiguration = "Debug"
      shouldUseLaunchSchemeArgsEnv = "YES"
      savedToolIdentifier = "/Applications/Xcode.app/Contents/Applications/Instruments.app/Contents/Resources/templates/Leaks.tracetemplate"
      useCustomWorkingDirectory = "NO"
      debugDocumentVersioning = "YES">
      <PathRunnable
         runnableDebuggingMode = "0"
         FilePath = "/Users/home/Documents/devel/hotdbcheck/hotdbcheck">
      </PathRunnable>
      <MacroExpansion>
         <BuildableReference
            BuildableIdentifier = "primary"
            BlueprintIdentifier = "F444F2EA207944E80097D3B3"
            BuildableName = "hotdbcheck"
            BlueprintName = "hotdbcheck"
            ReferencedContainer = "container:hotdbcheck.xcodeproj">
         </BuildableReference>
      </MacroExpansion>
   </ProfileAction>
   <AnalyzeAction
      buildConfiguration = "Debug">
   </AnalyzeAction>
   <ArchiveAction
      buildConfiguration = "Release"
      revealArchiveInOrganizer = "YES">
   </ArchiveAction>
</Scheme>
