<?xml version="1.0" encoding="utf-8"?>
<Project ToolsVersion="4.0" xmlns="http://schemas.microsoft.com/developer/msbuild/2003">
  <ItemGroup>
    <ClCompile Include="main.cpp" />
    <ClCompile Include="mysqlc.cpp">
      <Filter>数据库</Filter>
    </ClCompile>
    <ClCompile Include="programfocus.cpp">
      <Filter>数据中枢</Filter>
    </ClCompile>
    <ClCompile Include="comline.cpp">
      <Filter>外壳扩展</Filter>
    </ClCompile>
    <ClCompile Include="myfile.cpp">
      <Filter>外壳扩展</Filter>
    </ClCompile>
    <ClCompile Include="threadpool.cpp">
      <Filter>线程</Filter>
    </ClCompile>
  </ItemGroup>
  <ItemGroup>
    <Filter Include="数据库">
      <UniqueIdentifier>{a8f59ddc-53a3-4c48-a8f4-6a2aca932e9b}</UniqueIdentifier>
    </Filter>
    <Filter Include="数据结构">
      <UniqueIdentifier>{ead5684a-816e-40ad-b345-87ebaec54dc1}</UniqueIdentifier>
    </Filter>
    <Filter Include="数据中枢">
      <UniqueIdentifier>{7279baf2-5f53-4be2-9f2f-c8d5bda4e83d}</UniqueIdentifier>
    </Filter>
    <Filter Include="外壳扩展">
      <UniqueIdentifier>{cbf2e472-eec7-4ca9-8dba-835dae049303}</UniqueIdentifier>
    </Filter>
    <Filter Include="线程">
      <UniqueIdentifier>{fd0628f2-b471-4314-8f83-f2d84d566d7e}</UniqueIdentifier>
    </Filter>
  </ItemGroup>
  <ItemGroup>
    <ClInclude Include="mysqlc.h">
      <Filter>数据库</Filter>
    </ClInclude>
    <ClInclude Include="programfocus.h">
      <Filter>数据中枢</Filter>
    </ClInclude>
    <ClInclude Include="comline.h">
      <Filter>外壳扩展</Filter>
    </ClInclude>
    <ClInclude Include="myfile.h">
      <Filter>外壳扩展</Filter>
    </ClInclude>
    <ClInclude Include="struct.h">
      <Filter>数据结构</Filter>
    </ClInclude>
    <ClInclude Include="nocopyable.h">
      <Filter>线程</Filter>
    </ClInclude>
    <ClInclude Include="threadpool.h">
      <Filter>线程</Filter>
    </ClInclude>
  </ItemGroup>
</Project>